
Microsoft Visual Studio Solution File, Format Version 12.00
# Visual Studio 14
VisualStudioVersion = 14.0.25420.1
MinimumVisualStudioVersion = 10.0.40219.1
Project("{FAE04EC0-301F-11D3-BF4B-00C04F79EFBC}") = "ConsoleApplication1", "ConsoleApplication1\ConsoleApplication1.csproj", "{AE68034E-A021-418A-B742-2571F986FC2C}"
EndProject
Project("{FAE04EC0-301F-11D3-BF4B-00C04F79EFBC}") = "Addition", "Addition\Addition.csproj", "{6F3043D0-FDF0-43AB-9AF7-7CDA8328D6C9}"
EndProject
Project("{FAE04EC0-301F-11D3-BF4B-00C04F79EFBC}") = "GradeBook", "GradeBook\GradeBook.csproj", "{4EC7F4F2-C5DA-4A8C-BA6A-F3BCD5FAEA79}"
EndProject
Global
	GlobalSection(SolutionConfigurationPlatforms) = preSolution
		Debug|Any CPU = Debug|Any CPU
		Debug|x86 = Debug|x86
		Release|Any CPU = Release|Any CPU
		Release|x86 = Release|x86
	EndGlobalSection
	GlobalSection(ProjectConfigurationPlatforms) = postSolution
		{AE68034E-A021-418A-B742-2571F986FC2C}.Debug|Any CPU.ActiveCfg = Debug|x86
		{AE68034E-A021-418A-B742-2571F986FC2C}.Debug|x86.ActiveCfg = Debug|x86
		{AE68034E-A021-418A-B742-2571F986FC2C}.Debug|x86.Build.0 = Debug|x86
		{AE68034E-A021-418A-B742-2571F986FC2C}.Release|Any CPU.ActiveCfg = Release|x86
		{AE68034E-A021-418A-B742-2571F986FC2C}.Release|x86.ActiveCfg = Release|x86
		{AE68034E-A021-418A-B742-2571F986FC2C}.Release|x86.Build.0 = Release|x86
		{6F3043D0-FDF0-43AB-9AF7-7CDA8328D6C9}.Debug|Any CPU.ActiveCfg = Debug|x86
		{6F3043D0-FDF0-43AB-9AF7-7CDA8328D6C9}.Debug|x86.ActiveCfg = Debug|x86
		{6F3043D0-FDF0-43AB-9AF7-7CDA8328D6C9}.Debug|x86.Build.0 = Debug|x86
		{6F3043D0-FDF0-43AB-9AF7-7CDA8328D6C9}.Release|Any CPU.ActiveCfg = Release|x86
		{6F3043D0-FDF0-43AB-9AF7-7CDA8328D6C9}.Release|x86.ActiveCfg = Release|x86
		{6F3043D0-FDF0-43AB-9AF7-7CDA8328D6C9}.Release|x86.Build.0 = Release|x86
		{4EC7F4F2-C5DA-4A8C-BA6A-F3BCD5FAEA79}.Debug|Any CPU.ActiveCfg = Debug|Any CPU
		{4EC7F4F2-C5DA-4A8C-BA6A-F3BCD5FAEA79}.Debug|Any CPU.Build.0 = Debug|Any CPU
		{4EC7F4F2-C5DA-4A8C-BA6A-F3BCD5FAEA79}.Debug|x86.ActiveCfg = Debug|Any CPU
		{4EC7F4F2-C5DA-4A8C-BA6A-F3BCD5FAEA79}.Debug|x86.Build.0 = Debug|Any CPU
		{4EC7F4F2-C5DA-4A8C-BA6A-F3BCD5FAEA79}.Release|Any CPU.ActiveCfg = Release|Any CPU
		{4EC7F4F2-C5DA-4A8C-BA6A-F3BCD5FAEA79}.Release|Any CPU.Build.0 = Release|Any CPU
		{4EC7F4F2-C5DA-4A8C-BA6A-F3BCD5FAEA79}.Release|x86.ActiveCfg = Release|Any CPU
		{4EC7F4F2-C5DA-4A8C-BA6A-F3BCD5FAEA79}.Release|x86.Build.0 = Release|Any CPU
	EndGlobalSection
	GlobalSection(SolutionProperties) = preSolution
		HideSolutionNode = FALSE
	EndGlobalSection
EndGlobal
